{
  "name": "codearena-platform",
  "version": "1.0.0",
  "lockfileVersion": 3,
  "requires": true,
  "packages": {
    "": {
      "name": "codearena-platform",
      "version": "1.0.0",
      "license": "MIT",
      "devDependencies": {
        "typescript": "^5.7.3"
      }
    },
    "node_modules/typescript": {
      "version": "5.7.3",
      "resolved": "https://registry.npmjs.org/typescript/-/typescript-5.7.3.tgz",
      "integrity": "sha512-84MVSjMEZPGmZDj7WBjPpuRzFvSMz2Tt3y1m6vSCIpEj08l5iDmTRsN4bBKmDLQnvJxYAfEa1XGf3kxwQo/Gg==",
      "dev": true,
      "license": "Apache-2.0",
      "bin": {
        "tsc": "bin/tsc",
        "tsserver": "bin/tsserver"
      },
      "engines": {
        "node": ">=14.17"
      }
    }
  }
}
